// !$*UTF8*$!
{
	archiveVersion = 1;
	classes = {
	};
	objectVersion = 50;
	objects = {

/* Begin PBXBuildFile section */
		BC524B3E2236EB1F00476B01 /* CollectionViewController.swift in Sources */ = {isa = PBXBuildFile; fileRef = BC524B3D2236EB1F00476B01 /* CollectionViewController.swift */; };
		BC60142C2232EDD600ABD1A9 /* AppDelegate.swift in Sources */ = {isa = PBXBuildFile; fileRef = BC60142B2232EDD600ABD1A9 /* AppDelegate.swift */; };
		BC6014312232EDD600ABD1A9 /* Main.storyboard in Resources */ = {isa = PBXBuildFile; fileRef = BC60142F2232EDD600ABD1A9 /* Main.storyboard */; };
		BC6014342232EDD600ABD1A9 /* Bitsygram.xcdatamodeld in Sources */ = {isa = PBXBuildFile; fileRef = BC6014322232EDD600ABD1A9 /* Bitsygram.xcdatamodeld */; };
		BC6014362232EDD700ABD1A9 /* Assets.xcassets in Resources */ = {isa = PBXBuildFile; fileRef = BC6014352232EDD700ABD1A9 /* Assets.xcassets */; };
		BC6014392232EDD700ABD1A9 /* LaunchScreen.storyboard in Resources */ = {isa = PBXBuildFile; fileRef = BC6014372232EDD700ABD1A9 /* LaunchScreen.storyboard */; };
		BCB0F1D322330E54007053C8 /* collectionViewCell.swift in Sources */ = {isa = PBXBuildFile; fileRef = BCB0F1D222330E54007053C8 /* collectionViewCell.swift */; };
/* End PBXBuildFile section */

/* Begin PBXFileReference section */
		BC524B3D2236EB1F00476B01 /* CollectionViewController.swift */ = {isa = PBXFileReference; lastKnownFileType = sourcecode.swift; path = CollectionViewController.swift; sourceTree = "<group>"; };
		BC6014282232EDD500ABD1A9 /* Bitsygram.app */ = {isa = PBXFileReference; explicitFileType = wrapper.application; includeInIndex = 0; path = Bitsygram.app; sourceTree = BUILT_PRODUCTS_DIR; };
		BC60142B2232EDD600ABD1A9 /* AppDelegate.swift */ = {isa = PBXFileReference; lastKnownFileType = sourcecode.swift; path = AppDelegate.swift; sourceTree = "<group>"; };
		BC6014302232EDD600ABD1A9 /* Base */ = {isa = PBXFileReference; lastKnownFileType = file.storyboard; name = Base; path = Base.lproj/Main.storyboard; sourceTree = "<group>"; };
		BC6014332232EDD600ABD1A9 /* Bitsygram.xcdatamodel */ = {isa = PBXFileReference; lastKnownFileType = wrapper.xcdatamodel; path = Bitsygram.xcdatamodel; sourceTree = "<group>"; };
		BC6014352232EDD700ABD1A9 /* Assets.xcassets */ = {isa = PBXFileReference; lastKnownFileType = folder.assetcatalog; path = Assets.xcassets; sourceTree = "<group>"; };
		BC6014382232EDD700ABD1A9 /* Base */ = {isa = PBXFileReference; lastKnownFileType = file.storyboard; name = Base; path = Base.lproj/LaunchScreen.storyboard; sourceTree = "<group>"; };
		BC60143A2232EDD700ABD1A9 /* Info.plist */ = {isa = PBXFileReference; lastKnownFileType = text.plist.xml; path = Info.plist; sourceTree = "<group>"; };
		BCB0F1D222330E54007053C8 /* collectionViewCell.swift */ = {isa = PBXFileReference; lastKnownFileType = sourcecode.swift; path = collectionViewCell.swift; sourceTree = "<group>"; };
/* End PBXFileReference section */

/* Begin PBXFrameworksBuildPhase section */
		BC6014252232EDD500ABD1A9 /* Frameworks */ = {
			isa = PBXFrameworksBuildPhase;
			buildActionMask = 2147483647;
			files = (
			);
			runOnlyForDeploymentPostprocessing = 0;
		};
/* End PBXFrameworksBuildPhase section */

/* Begin PBXGroup section */
		BC60141F2232EDD500ABD1A9 = {
			isa = PBXGroup;
			children = (
				BC60142A2232EDD500ABD1A9 /* Bitsygram */,
				BC6014292232EDD500ABD1A9 /* Products */,
			);
			sourceTree = "<group>";
		};
		BC6014292232EDD500ABD1A9 /* Products */ = {
			isa = PBXGroup;
			children = (
				BC6014282232EDD500ABD1A9 /* Bitsygram.app */,
			);
			name = Products;
			sourceTree = "<group>";
		};
		BC60142A2232EDD500ABD1A9 /* Bitsygram */ = {
			isa = PBXGroup;
			children = (
				BC60142B2232EDD600ABD1A9 /* AppDelegate.swift */,
				BCB0F1D222330E54007053C8 /* collectionViewCell.swift */,
				BC60142F2232EDD600ABD1A9 /* Main.storyboard */,
				BC524B3D2236EB1F00476B01 /* CollectionViewController.swift */,
				BC6014352232EDD700ABD1A9 /* Assets.xcassets */,
				BC6014372232EDD700ABD1A9 /* LaunchScreen.storyboard */,
				BC60143A2232EDD700ABD1A9 /* Info.plist */,
				BC6014322232EDD600ABD1A9 /* Bitsygram.xcdatamodeld */,
			);
			path = Bitsygram;
			sourceTree = "<group>";
		};
/* End PBXGroup section */

/* Begin PBXNativeTarget section */
		BC6014272232EDD500ABD1A9 /* Bitsygram */ = {
			isa = PBXNativeTarget;
			buildConfigurationList = BC60143D2232EDD700ABD1A9 /* Build configuration list for PBXNativeTarget "Bitsygram" */;
			buildPhases = (
				BC6014242232EDD500ABD1A9 /* Sources */,
				BC6014252232EDD500ABD1A9 /* Frameworks */,
				BC6014262232EDD500ABD1A9 /* Resources */,
			);
			buildRules = (
			);
			dependencies = (
			);
			name = Bitsygram;
			productName = Bitsygram;
			productReference = BC6014282232EDD500ABD1A9 /* Bitsygram.app */;
			productType = "com.apple.product-type.application";
		};
/* End PBXNativeTarget section */

/* Begin PBXProject section */
		BC6014202232EDD500ABD1A9 /* Project object */ = {
			isa = PBXProject;
			attributes = {
				LastSwiftUpdateCheck = 1010;
				LastUpgradeCheck = 1010;
				ORGANIZATIONNAME = "JOSHUA GRAHAM";
				TargetAttributes = {
					BC6014272232EDD500ABD1A9 = {
						CreatedOnToolsVersion = 10.1;
					};
				};
			};
			buildConfigurationList = BC6014232232EDD500ABD1A9 /* Build configuration list for PBXProject "Bitsygram" */;
			compatibilityVersion = "Xcode 9.3";
			developmentRegion = en;
			hasScannedForEncodings = 0;
			knownRegions = (
				en,
				Base,
			);
			mainGroup = BC60141F2232EDD500ABD1A9;
			productRefGroup = BC6014292232EDD500ABD1A9 /* Products */;
			projectDirPath = "";
			projectRoot = "";
			targets = (
				BC6014272232EDD500ABD1A9 /* Bitsygram */,
			);
		};
/* End PBXProject section */

/* Begin PBXResourcesBuildPhase section */
		BC6014262232EDD500ABD1A9 /* Resources */ = {
			isa = PBXResourcesBuildPhase;
			buildActionMask = 2147483647;
			files = (
				BC6014392232EDD700ABD1A9 /* LaunchScreen.storyboard in Resources */,
				BC6014362232EDD700ABD1A9 /* Assets.xcassets in Resources */,
				BC6014312232EDD600ABD1A9 /* Main.storyboard in Resources */,
			);
			runOnlyForDeploymentPostprocessing = 0;
		};
/* End PBXResourcesBuildPhase section */

/* Begin PBXSourcesBuildPhase section */
		BC6014242232EDD500ABD1A9 /* Sources */ = {
			isa = PBXSourcesBuildPhase;
			buildActionMask = 2147483647;
			files = (
				BC524B3E2236EB1F00476B01 /* CollectionViewController.swift in Sources */,
				BC6014342232EDD600ABD1A9 /* Bitsygram.xcdatamodeld in Sources */,
				BCB0F1D322330E54007053C8 /* collectionViewCell.swift in Sources */,
				BC60142C2232EDD600ABD1A9 /* AppDelegate.swift in Sources */,
			);
			runOnlyForDeploymentPostprocessing = 0;
		};
/* End PBXSourcesBuildPhase section */

/* Begin PBXVariantGroup section */
		BC60142F2232EDD600ABD1A9 /* Main.storyboard */ = {
			isa = PBXVariantGroup;
			children = (
				BC6014302232EDD600ABD1A9 /* Base */,
			);
			name = Main.storyboard;
			sourceTree = "<group>";
		};
		BC6014372232EDD700ABD1A9 /* LaunchScreen.storyboard */ = {
			isa = PBXVariantGroup;
			children = (
				BC6014382232EDD700ABD1A9 /* Base */,
			);
			name = LaunchScreen.storyboard;
			sourceTree = "<group>";
		};
/* End PBXVariantGroup section */

/* Begin XCBuildConfiguration section */
		BC60143B2232EDD700ABD1A9 /* Debug */ = {
			isa = XCBuildConfiguration;
			buildSettings = {
				ALWAYS_SEARCH_USER_PATHS = NO;
				CLANG_ANALYZER_NONNULL = YES;
				CLANG_ANALYZER_NUMBER_OBJECT_CONVERSION = YES_AGGRESSIVE;
				CLANG_CXX_LANGUAGE_STANDARD = "gnu++14";
				CLANG_CXX_LIBRARY = "libc++";
				CLANG_ENABLE_MODULES = YES;
				CLANG_ENABLE_OBJC_ARC = YES;
				CLANG_ENABLE_OBJC_WEAK = YES;
				CLANG_WARN_BLOCK_CAPTURE_AUTORELEASING = YES;
				CLANG_WARN_BOOL_CONVERSION = YES;
				CLANG_WARN_COMMA = YES;
				CLANG_WARN_CONSTANT_CONVERSION = YES;
				CLANG_WARN_DEPRECATED_OBJC_IMPLEMENTATIONS = YES;
				CLANG_WARN_DIRECT_OBJC_ISA_USAGE = YES_ERROR;
				CLANG_WARN_DOCUMENTATION_COMMENTS = YES;
				CLANG_WARN_EMPTY_BODY = YES;
				CLANG_WARN_ENUM_CONVERSION = YES;
				CLANG_WARN_INFINITE_RECURSION = YES;
				CLANG_WARN_INT_CONVERSION = YES;
				CLANG_WARN_NON_LITERAL_NULL_CONVERSION = YES;
				CLANG_WARN_OBJC_IMPLICIT_RETAIN_SELF = YES;
				CLANG_WARN_OBJC_LITERAL_CONVERSION = YES;
				CLANG_WARN_OBJC_ROOT_CLASS = YES_ERROR;
				CLANG_WARN_RANGE_LOOP_ANALYSIS = YES;
				CLANG_WARN_STRICT_PROTOTYPES = YES;
				CLANG_WARN_SUSPICIOUS_MOVE = YES;
				CLANG_WARN_UNGUARDED_AVAILABILITY = YES_AGGRESSIVE;
				CLANG_WARN_UNREACHABLE_CODE = YES;
				CLANG_WARN__DUPLICATE_METHOD_MATCH = YES;
				CODE_SIGN_IDENTITY = "iPhone Developer";
				COPY_PHASE_STRIP = NO;
				DEBUG_INFORMATION_FORMAT = dwarf;
				ENABLE_STRICT_OBJC_MSGSEND = YES;
				ENABLE_TESTABILITY = YES;
				GCC_C_LANGUAGE_STANDARD = gnu11;
				GCC_DYNAMIC_NO_PIC = NO;
				GCC_NO_COMMON_BLOCKS = YES;
				GCC_OPTIMIZATION_LEVEL = 0;
				GCC_PREPROCESSOR_DEFINITIONS = (
					"DEBUG=1",
					"$(inherited)",
				);
				GCC_WARN_64_TO_32_BIT_CONVERSION = YES;
				GCC_WARN_ABOUT_RETURN_TYPE = YES_ERROR;
				GCC_WARN_UNDECLARED_SELECTOR = YES;
				GCC_WARN_UNINITIALIZED_AUTOS = YES_AGGRESSIVE;
				GCC_WARN_UNUSED_FUNCTION = YES;
				GCC_WARN_UNUSED_VARIABLE = YES;
				IPHONEOS_DEPLOYMENT_TARGET = 12.1;
				MTL_ENABLE_DEBUG_INFO = INCLUDE_SOURCE;
				MTL_FAST_MATH = YES;
				ONLY_ACTIVE_ARCH = YES;
				SDKROOT = iphoneos;
				SWIFT_ACTIVE_COMPILATION_CONDITIONS = DEBUG;
				SWIFT_OPTIMIZATION_LEVEL = "-Onone";
			};
			name = Debug;
		};
		BC60143C2232EDD700ABD1A9 /* Release */ = {
			isa = XCBuildConfiguration;
			buildSettings = {
				ALWAYS_SEARCH_USER_PATHS = NO;
				CLANG_ANALYZER_NONNULL = YES;
				CLANG_ANALYZER_NUMBER_OBJECT_CONVERSION = YES_AGGRESSIVE;
				CLANG_CXX_LANGUAGE_STANDARD = "gnu++14";
				CLANG_CXX_LIBRARY = "libc++";
				CLANG_ENABLE_MODULES = YES;
				CLANG_ENABLE_OBJC_ARC = YES;
				CLANG_ENABLE_OBJC_WEAK = YES;
				CLANG_WARN_BLOCK_CAPTURE_AUTORELEASING = YES;
				CLANG_WARN_BOOL_CONVERSION = YES;
				CLANG_WARN_COMMA = YES;
				CLANG_WARN_CONSTANT_CONVERSION = YES;
				CLANG_WARN_DEPRECATED_OBJC_IMPLEMENTATIONS = YES;
				CLANG_WARN_DIRECT_OBJC_ISA_USAGE = YES_ERROR;
				CLANG_WARN_DOCUMENTATION_COMMENTS = YES;
				CLANG_WARN_EMPTY_BODY = YES;
				CLANG_WARN_ENUM_CONVERSION = YES;
				CLANG_WARN_INFINITE_RECURSION = YES;
				CLANG_WARN_INT_CONVERSION = YES;
				CLANG_WARN_NON_LITERAL_NULL_CONVERSION = YES;
				CLANG_WARN_OBJC_IMPLICIT_RETAIN_SELF = YES;
				CLANG_WARN_OBJC_LITERAL_CONVERSION = YES;
				CLANG_WARN_OBJC_ROOT_CLASS = YES_ERROR;
				CLANG_WARN_RANGE_LOOP_ANALYSIS = YES;
				CLANG_WARN_STRICT_PROTOTYPES = YES;
				CLANG_WARN_SUSPICIOUS_MOVE = YES;
				CLANG_WARN_UNGUARDED_AVAILABILITY = YES_AGGRESSIVE;
				CLANG_WARN_UNREACHABLE_CODE = YES;
				CLANG_WARN__DUPLICATE_METHOD_MATCH = YES;
				CODE_SIGN_IDENTITY = "iPhone Developer";
				COPY_PHASE_STRIP = NO;
				DEBUG_INFORMATION_FORMAT = "dwarf-with-dsym";
				ENABLE_NS_ASSERTIONS = NO;
				ENABLE_STRICT_OBJC_MSGSEND = YES;
				GCC_C_LANGUAGE_STANDARD = gnu11;
				GCC_NO_COMMON_BLOCKS = YES;
				GCC_WARN_64_TO_32_BIT_CONVERSION = YES;
				GCC_WARN_ABOUT_RETURN_TYPE = YES_ERROR;
				GCC_WARN_UNDECLARED_SELECTOR = YES;
				GCC_WARN_UNINITIALIZED_AUTOS = YES_AGGRESSIVE;
				GCC_WARN_UNUSED_FUNCTION = YES;
				GCC_WARN_UNUSED_VARIABLE = YES;
				IPHONEOS_DEPLOYMENT_TARGET = 12.1;
				MTL_ENABLE_DEBUG_INFO = NO;
				MTL_FAST_MATH = YES;
				SDKROOT = iphoneos;
				SWIFT_COMPILATION_MODE = wholemodule;
				SWIFT_OPTIMIZATION_LEVEL = "-O";
				VALIDATE_PRODUCT = YES;
			};
			name = Release;
		};
		BC60143E2232EDD700ABD1A9 /* Debug */ = {
			isa = XCBuildConfiguration;
			buildSettings = {
				ASSETCATALOG_COMPILER_APPICON_NAME = AppIcon;
				CODE_SIGN_STYLE = Automatic;
				INFOPLIST_FILE = Bitsygram/Info.plist;
				LD_RUNPATH_SEARCH_PATHS = (
					"$(inherited)",
					"@executable_path/Frameworks",
				);
				PRODUCT_BUNDLE_IDENTIFIER = "org.116-rls.Bitsygram";
				PRODUCT_NAME = "$(TARGET_NAME)";
				SWIFT_VERSION = 4.2;
				TARGETED_DEVICE_FAMILY = "1,2";
			};
			name = Debug;
		};
		BC60143F2232EDD700ABD1A9 /* Release */ = {
			isa = XCBuildConfiguration;
			buildSettings = {
				ASSETCATALOG_COMPILER_APPICON_NAME = AppIcon;
				CODE_SIGN_STYLE = Automatic;
				INFOPLIST_FILE = Bitsygram/Info.plist;
				LD_RUNPATH_SEARCH_PATHS = (
					"$(inherited)",
					"@executable_path/Frameworks",
				);
				PRODUCT_BUNDLE_IDENTIFIER = "org.116-rls.Bitsygram";
				PRODUCT_NAME = "$(TARGET_NAME)";
				SWIFT_VERSION = 4.2;
				TARGETED_DEVICE_FAMILY = "1,2";
			};
			name = Release;
		};
/* End XCBuildConfiguration section */

/* Begin XCConfigurationList section */
		BC6014232232EDD500ABD1A9 /* Build configuration list for PBXProject "Bitsygram" */ = {
			isa = XCConfigurationList;
			buildConfigurations = (
				BC60143B2232EDD700ABD1A9 /* Debug */,
				BC60143C2232EDD700ABD1A9 /* Release */,
			);
			defaultConfigurationIsVisible = 0;
			defaultConfigurationName = Release;
		};
		BC60143D2232EDD700ABD1A9 /* Build configuration list for PBXNativeTarget "Bitsygram" */ = {
			isa = XCConfigurationList;
			buildConfigurations = (
				BC60143E2232EDD700ABD1A9 /* Debug */,
				BC60143F2232EDD700ABD1A9 /* Release */,
			);
			defaultConfigurationIsVisible = 0;
			defaultConfigurationName = Release;
		};
/* End XCConfigurationList section */

/* Begin XCVersionGroup section */
		BC6014322232EDD600ABD1A9 /* Bitsygram.xcdatamodeld */ = {
			isa = XCVersionGroup;
			children = (
				BC6014332232EDD600ABD1A9 /* Bitsygram.xcdatamodel */,
			);
			currentVersion = BC6014332232EDD600ABD1A9 /* Bitsygram.xcdatamodel */;
			path = Bitsygram.xcdatamodeld;
			sourceTree = "<group>";
			versionGroupType = wrapper.xcdatamodel;
		};
/* End XCVersionGroup section */
	};
	rootObject = BC6014202232EDD500ABD1A9 /* Project object */;
}
